
Microsoft Visual Studio Solution File, Format Version 12.00
Project("{FAE04EC0-301F-11D3-BF4B-00C04F79EFBC}") = "MaxInArray", "MaxInArray\MaxInArray.csproj", "{4BCE3C65-C15D-47D3-B48A-3A70EB475568}"
EndProject
Global
	GlobalSection(SolutionConfigurationPlatforms) = preSolution
		Debug|Any CPU = Debug|Any CPU
		Release|Any CPU = Release|Any CPU
	EndGlobalSection
	GlobalSection(ProjectConfigurationPlatforms) = postSolution
		{4BCE3C65-C15D-47D3-B48A-3A70EB475568}.Debug|Any CPU.ActiveCfg = Debug|Any CPU
		{4BCE3C65-C15D-47D3-B48A-3A70EB475568}.Debug|Any CPU.Build.0 = Debug|Any CPU
		{4BCE3C65-C15D-47D3-B48A-3A70EB475568}.Release|Any CPU.ActiveCfg = Release|Any CPU
		{4BCE3C65-C15D-47D3-B48A-3A70EB475568}.Release|Any CPU.Build.0 = Release|Any CPU
	EndGlobalSection
EndGlobal
