
Microsoft Visual Studio Solution File, Format Version 12.00
Project("{FAE04EC0-301F-11D3-BF4B-00C04F79EFBC}") = "FirstEvenNumbers", "FirstEvenNumbers.csproj", "{A86A6F8D-1284-4AF2-9BA7-A2B8D279220D}"
EndProject
Global
	GlobalSection(SolutionConfigurationPlatforms) = preSolution
		Debug|Any CPU = Debug|Any CPU
		Release|Any CPU = Release|Any CPU
	EndGlobalSection
	GlobalSection(ProjectConfigurationPlatforms) = postSolution
		{A86A6F8D-1284-4AF2-9BA7-A2B8D279220D}.Debug|Any CPU.ActiveCfg = Debug|Any CPU
		{A86A6F8D-1284-4AF2-9BA7-A2B8D279220D}.Debug|Any CPU.Build.0 = Debug|Any CPU
		{A86A6F8D-1284-4AF2-9BA7-A2B8D279220D}.Release|Any CPU.ActiveCfg = Release|Any CPU
		{A86A6F8D-1284-4AF2-9BA7-A2B8D279220D}.Release|Any CPU.Build.0 = Release|Any CPU
	EndGlobalSection
EndGlobal
