
Microsoft Visual Studio Solution File, Format Version 12.00
Project("{FAE04EC0-301F-11D3-BF4B-00C04F79EFBC}") = "Transport", "Transport.csproj", "{F2ECBA90-9DB6-4625-8A95-D899B1C0909B}"
EndProject
Global
	GlobalSection(SolutionConfigurationPlatforms) = preSolution
		Debug|Any CPU = Debug|Any CPU
		Release|Any CPU = Release|Any CPU
	EndGlobalSection
	GlobalSection(ProjectConfigurationPlatforms) = postSolution
		{F2ECBA90-9DB6-4625-8A95-D899B1C0909B}.Debug|Any CPU.ActiveCfg = Debug|Any CPU
		{F2ECBA90-9DB6-4625-8A95-D899B1C0909B}.Debug|Any CPU.Build.0 = Debug|Any CPU
		{F2ECBA90-9DB6-4625-8A95-D899B1C0909B}.Release|Any CPU.ActiveCfg = Release|Any CPU
		{F2ECBA90-9DB6-4625-8A95-D899B1C0909B}.Release|Any CPU.Build.0 = Release|Any CPU
	EndGlobalSection
EndGlobal
