
Microsoft Visual Studio Solution File, Format Version 12.00
Project("{FAE04EC0-301F-11D3-BF4B-00C04F79EFBC}") = "Combine", "Combine.csproj", "{9CCBA730-2D69-4425-A675-77C1D2DEA17A}"
EndProject
Global
	GlobalSection(SolutionConfigurationPlatforms) = preSolution
		Debug|Any CPU = Debug|Any CPU
		Release|Any CPU = Release|Any CPU
	EndGlobalSection
	GlobalSection(ProjectConfigurationPlatforms) = postSolution
		{9CCBA730-2D69-4425-A675-77C1D2DEA17A}.Debug|Any CPU.ActiveCfg = Debug|Any CPU
		{9CCBA730-2D69-4425-A675-77C1D2DEA17A}.Debug|Any CPU.Build.0 = Debug|Any CPU
		{9CCBA730-2D69-4425-A675-77C1D2DEA17A}.Release|Any CPU.ActiveCfg = Release|Any CPU
		{9CCBA730-2D69-4425-A675-77C1D2DEA17A}.Release|Any CPU.Build.0 = Release|Any CPU
	EndGlobalSection
EndGlobal
